
Microsoft Visual Studio Solution File, Format Version 12.00
# Visual Studio Version 17
VisualStudioVersion = 17.0.32126.317
MinimumVisualStudioVersion = 10.0.40219.1
Project("{9A19103F-16F7-4668-BE54-9A1E7A4F7556}") = "WebAPIOficina", "WebAPIOficina\WebAPIOficina.csproj", "{CBC33628-DF94-4FEB-9B6A-447E08426140}"
EndProject
Project("{2150E333-8FDC-42A3-9474-1A3956D46DE8}") = "0 - Presentation", "0 - Presentation", "{2B4A8040-39D1-4D1D-B2B0-83D4CC55D6B2}"
EndProject
Project("{2150E333-8FDC-42A3-9474-1A3956D46DE8}") = "1 - Application", "1 - Application", "{4CDE9F53-053B-4FCD-AE0A-2234E0935BEC}"
EndProject
Project("{2150E333-8FDC-42A3-9474-1A3956D46DE8}") = "2 - Domain", "2 - Domain", "{9C62E25C-7507-4AAF-A387-924228F20571}"
EndProject
Project("{2150E333-8FDC-42A3-9474-1A3956D46DE8}") = "3 - Infra", "3 - Infra", "{AE029F5B-66E9-4667-9D52-43C81431C3B1}"
EndProject
Project("{2150E333-8FDC-42A3-9474-1A3956D46DE8}") = "4.2 - Data", "4.2 - Data", "{B93E6DEB-8B41-4B24-BD15-D7839AB0D8CD}"
EndProject
Project("{9A19103F-16F7-4668-BE54-9A1E7A4F7556}") = "WebAPIOficina.Domain", "WebAPIOficina.Domain\WebAPIOficina.Domain.csproj", "{0CB55DC8-DF02-41F8-8914-EC3F84218085}"
EndProject
Project("{9A19103F-16F7-4668-BE54-9A1E7A4F7556}") = "WebAPIOficina.Data", "WebAPIOficina.Data\WebAPIOficina.Data.csproj", "{8E9FE374-0B56-413E-BF4D-E2A9A8A531D9}"
EndProject
Project("{9A19103F-16F7-4668-BE54-9A1E7A4F7556}") = "WebAPIOficina.Application", "WebAPIOficina.Application\WebAPIOficina.Application.csproj", "{5524D6FF-C1F2-4B2D-9654-47AB1810EE00}"
EndProject
Project("{2150E333-8FDC-42A3-9474-1A3956D46DE8}") = "4.1 - CrossCutting.Common", "4.1 - CrossCutting.Common", "{353D8EFD-1226-4D33-BD85-54B1D3695CE2}"
EndProject
Global
	GlobalSection(SolutionConfigurationPlatforms) = preSolution
		Debug|Any CPU = Debug|Any CPU
		Release|Any CPU = Release|Any CPU
	EndGlobalSection
	GlobalSection(ProjectConfigurationPlatforms) = postSolution
		{CBC33628-DF94-4FEB-9B6A-447E08426140}.Debug|Any CPU.ActiveCfg = Debug|Any CPU
		{CBC33628-DF94-4FEB-9B6A-447E08426140}.Debug|Any CPU.Build.0 = Debug|Any CPU
		{CBC33628-DF94-4FEB-9B6A-447E08426140}.Release|Any CPU.ActiveCfg = Release|Any CPU
		{CBC33628-DF94-4FEB-9B6A-447E08426140}.Release|Any CPU.Build.0 = Release|Any CPU
		{0CB55DC8-DF02-41F8-8914-EC3F84218085}.Debug|Any CPU.ActiveCfg = Debug|Any CPU
		{0CB55DC8-DF02-41F8-8914-EC3F84218085}.Debug|Any CPU.Build.0 = Debug|Any CPU
		{0CB55DC8-DF02-41F8-8914-EC3F84218085}.Release|Any CPU.ActiveCfg = Release|Any CPU
		{0CB55DC8-DF02-41F8-8914-EC3F84218085}.Release|Any CPU.Build.0 = Release|Any CPU
		{8E9FE374-0B56-413E-BF4D-E2A9A8A531D9}.Debug|Any CPU.ActiveCfg = Debug|Any CPU
		{8E9FE374-0B56-413E-BF4D-E2A9A8A531D9}.Debug|Any CPU.Build.0 = Debug|Any CPU
		{8E9FE374-0B56-413E-BF4D-E2A9A8A531D9}.Release|Any CPU.ActiveCfg = Release|Any CPU
		{8E9FE374-0B56-413E-BF4D-E2A9A8A531D9}.Release|Any CPU.Build.0 = Release|Any CPU
		{5524D6FF-C1F2-4B2D-9654-47AB1810EE00}.Debug|Any CPU.ActiveCfg = Debug|Any CPU
		{5524D6FF-C1F2-4B2D-9654-47AB1810EE00}.Debug|Any CPU.Build.0 = Debug|Any CPU
		{5524D6FF-C1F2-4B2D-9654-47AB1810EE00}.Release|Any CPU.ActiveCfg = Release|Any CPU
		{5524D6FF-C1F2-4B2D-9654-47AB1810EE00}.Release|Any CPU.Build.0 = Release|Any CPU
	EndGlobalSection
	GlobalSection(SolutionProperties) = preSolution
		HideSolutionNode = FALSE
	EndGlobalSection
	GlobalSection(NestedProjects) = preSolution
		{CBC33628-DF94-4FEB-9B6A-447E08426140} = {2B4A8040-39D1-4D1D-B2B0-83D4CC55D6B2}
		{B93E6DEB-8B41-4B24-BD15-D7839AB0D8CD} = {AE029F5B-66E9-4667-9D52-43C81431C3B1}
		{0CB55DC8-DF02-41F8-8914-EC3F84218085} = {9C62E25C-7507-4AAF-A387-924228F20571}
		{8E9FE374-0B56-413E-BF4D-E2A9A8A531D9} = {B93E6DEB-8B41-4B24-BD15-D7839AB0D8CD}
		{5524D6FF-C1F2-4B2D-9654-47AB1810EE00} = {4CDE9F53-053B-4FCD-AE0A-2234E0935BEC}
		{353D8EFD-1226-4D33-BD85-54B1D3695CE2} = {AE029F5B-66E9-4667-9D52-43C81431C3B1}
	EndGlobalSection
	GlobalSection(ExtensibilityGlobals) = postSolution
		SolutionGuid = {8076FBE7-88E1-49A8-9CBC-40B584E617B8}
	EndGlobalSection
EndGlobal
